
Microsoft Visual Studio Solution File, Format Version 12.00
# Visual Studio Version 16
VisualStudioVersion = 16.0.30523.141
MinimumVisualStudioVersion = 10.0.40219.1
Project("{FAE04EC0-301F-11D3-BF4B-00C04F79EFBC}") = "ColorPickerC", "ColorPickerC\ColorPickerC.csproj", "{2D7906DB-2A5D-4330-9985-B7C9C52BD667}"
EndProject
Global
	GlobalSection(SolutionConfigurationPlatforms) = preSolution
		Debug|Any CPU = Debug|Any CPU
		Release|Any CPU = Release|Any CPU
	EndGlobalSection
	GlobalSection(ProjectConfigurationPlatforms) = postSolution
		{2D7906DB-2A5D-4330-9985-B7C9C52BD667}.Debug|Any CPU.ActiveCfg = Debug|Any CPU
		{2D7906DB-2A5D-4330-9985-B7C9C52BD667}.Debug|Any CPU.Build.0 = Debug|Any CPU
		{2D7906DB-2A5D-4330-9985-B7C9C52BD667}.Release|Any CPU.ActiveCfg = Release|Any CPU
		{2D7906DB-2A5D-4330-9985-B7C9C52BD667}.Release|Any CPU.Build.0 = Release|Any CPU
	EndGlobalSection
	GlobalSection(SolutionProperties) = preSolution
		HideSolutionNode = FALSE
	EndGlobalSection
	GlobalSection(ExtensibilityGlobals) = postSolution
		SolutionGuid = {BEBFC002-FE1C-4A81-89C9-C0CF50B336AB}
	EndGlobalSection
EndGlobal
